// !$*UTF8*$!
{
	archiveVersion = 1;
	classes = {
	};
	objectVersion = 46;
	objects = {

/* Begin PBXBuildFile section */
		E7A1B99D1E85614000D7D4D1 /* Browser.m in Sources */ = {isa = PBXBuildFile; fileRef = E7A1B99C1E85614000D7D4D1 /* Browser.m */; };
		E7A1B9A01E859BD800D7D4D1 /* AppleScriptObjC.framework in Frameworks */ = {isa = PBXBuildFile; fileRef = E7A1B99F1E859BD800D7D4D1 /* AppleScriptObjC.framework */; };
		E7A309D21E855D030079572C /* AppDelegate.m in Sources */ = {isa = PBXBuildFile; fileRef = E7A309D11E855D030079572C /* AppDelegate.m */; };
		E7A309D51E855D030079572C /* main.m in Sources */ = {isa = PBXBuildFile; fileRef = E7A309D41E855D030079572C /* main.m */; };
		E7A309D71E855D030079572C /* Assets.xcassets in Resources */ = {isa = PBXBuildFile; fileRef = E7A309D61E855D030079572C /* Assets.xcassets */; };
		E7A309DA1E855D040079572C /* MainMenu.xib in Resources */ = {isa = PBXBuildFile; fileRef = E7A309D81E855D040079572C /* MainMenu.xib */; };
/* End PBXBuildFile section */

/* Begin PBXFileReference section */
		E7A1B99B1E85614000D7D4D1 /* Browser.h */ = {isa = PBXFileReference; fileEncoding = 4; lastKnownFileType = sourcecode.c.h; name = Browser.h; path = Twitthat/Browser.h; sourceTree = "<group>"; };
		E7A1B99C1E85614000D7D4D1 /* Browser.m */ = {isa = PBXFileReference; fileEncoding = 4; lastKnownFileType = sourcecode.c.objc; name = Browser.m; path = Twitthat/Browser.m; sourceTree = "<group>"; };
		E7A1B99F1E859BD800D7D4D1 /* AppleScriptObjC.framework */ = {isa = PBXFileReference; lastKnownFileType = wrapper.framework; name = AppleScriptObjC.framework; path = System/Library/Frameworks/AppleScriptObjC.framework; sourceTree = SDKROOT; };
		E7A309CD1E855D030079572C /* Twitthat.app */ = {isa = PBXFileReference; explicitFileType = wrapper.application; includeInIndex = 0; path = Twitthat.app; sourceTree = BUILT_PRODUCTS_DIR; };
		E7A309D01E855D030079572C /* AppDelegate.h */ = {isa = PBXFileReference; lastKnownFileType = sourcecode.c.h; path = AppDelegate.h; sourceTree = "<group>"; };
		E7A309D11E855D030079572C /* AppDelegate.m */ = {isa = PBXFileReference; lastKnownFileType = sourcecode.c.objc; path = AppDelegate.m; sourceTree = "<group>"; };
		E7A309D41E855D030079572C /* main.m */ = {isa = PBXFileReference; lastKnownFileType = sourcecode.c.objc; path = main.m; sourceTree = "<group>"; };
		E7A309D61E855D030079572C /* Assets.xcassets */ = {isa = PBXFileReference; lastKnownFileType = folder.assetcatalog; path = Assets.xcassets; sourceTree = "<group>"; };
		E7A309D91E855D040079572C /* Base */ = {isa = PBXFileReference; lastKnownFileType = file.xib; name = Base; path = Base.lproj/MainMenu.xib; sourceTree = "<group>"; };
		E7A309DB1E855D040079572C /* Info.plist */ = {isa = PBXFileReference; lastKnownFileType = text.plist.xml; path = Info.plist; sourceTree = "<group>"; };
/* End PBXFileReference section */

/* Begin PBXFrameworksBuildPhase section */
		E7A309CA1E855D030079572C /* Frameworks */ = {
			isa = PBXFrameworksBuildPhase;
			buildActionMask = 2147483647;
			files = (
				E7A1B9A01E859BD800D7D4D1 /* AppleScriptObjC.framework in Frameworks */,
			);
			runOnlyForDeploymentPostprocessing = 0;
		};
/* End PBXFrameworksBuildPhase section */

/* Begin PBXGroup section */
		E7A1B99A1E85604300D7D4D1 /* Classes */ = {
			isa = PBXGroup;
			children = (
				E7A1B99B1E85614000D7D4D1 /* Browser.h */,
				E7A1B99C1E85614000D7D4D1 /* Browser.m */,
			);
			name = Classes;
			sourceTree = "<group>";
		};
		E7A1B99E1E859BD800D7D4D1 /* Frameworks */ = {
			isa = PBXGroup;
			children = (
				E7A1B99F1E859BD800D7D4D1 /* AppleScriptObjC.framework */,
			);
			name = Frameworks;
			sourceTree = "<group>";
		};
		E7A309C41E855D030079572C = {
			isa = PBXGroup;
			children = (
				E7A1B99A1E85604300D7D4D1 /* Classes */,
				E7A309CF1E855D030079572C /* Twitthat */,
				E7A309CE1E855D030079572C /* Products */,
				E7A1B99E1E859BD800D7D4D1 /* Frameworks */,
			);
			sourceTree = "<group>";
		};
		E7A309CE1E855D030079572C /* Products */ = {
			isa = PBXGroup;
			children = (
				E7A309CD1E855D030079572C /* Twitthat.app */,
			);
			name = Products;
			sourceTree = "<group>";
		};
		E7A309CF1E855D030079572C /* Twitthat */ = {
			isa = PBXGroup;
			children = (
				E7A309D01E855D030079572C /* AppDelegate.h */,
				E7A309D11E855D030079572C /* AppDelegate.m */,
				E7A309D61E855D030079572C /* Assets.xcassets */,
				E7A309D81E855D040079572C /* MainMenu.xib */,
				E7A309DB1E855D040079572C /* Info.plist */,
				E7A309D31E855D030079572C /* Supporting Files */,
			);
			path = Twitthat;
			sourceTree = "<group>";
		};
		E7A309D31E855D030079572C /* Supporting Files */ = {
			isa = PBXGroup;
			children = (
				E7A309D41E855D030079572C /* main.m */,
			);
			name = "Supporting Files";
			sourceTree = "<group>";
		};
/* End PBXGroup section */

/* Begin PBXNativeTarget section */
		E7A309CC1E855D030079572C /* Twitthat */ = {
			isa = PBXNativeTarget;
			buildConfigurationList = E7A309DE1E855D040079572C /* Build configuration list for PBXNativeTarget "Twitthat" */;
			buildPhases = (
				E7A309C91E855D030079572C /* Sources */,
				E7A309CA1E855D030079572C /* Frameworks */,
				E7A309CB1E855D030079572C /* Resources */,
			);
			buildRules = (
			);
			dependencies = (
			);
			name = Twitthat;
			productName = Twitthat;
			productReference = E7A309CD1E855D030079572C /* Twitthat.app */;
			productType = "com.apple.product-type.application";
		};
/* End PBXNativeTarget section */

/* Begin PBXProject section */
		E7A309C51E855D030079572C /* Project object */ = {
			isa = PBXProject;
			attributes = {
				LastUpgradeCheck = 0820;
				ORGANIZATIONNAME = Superbil;
				TargetAttributes = {
					E7A309CC1E855D030079572C = {
						CreatedOnToolsVersion = 8.2.1;
						ProvisioningStyle = Automatic;
					};
				};
			};
			buildConfigurationList = E7A309C81E855D030079572C /* Build configuration list for PBXProject "Twitthat" */;
			compatibilityVersion = "Xcode 3.2";
			developmentRegion = English;
			hasScannedForEncodings = 0;
			knownRegions = (
				en,
				Base,
			);
			mainGroup = E7A309C41E855D030079572C;
			productRefGroup = E7A309CE1E855D030079572C /* Products */;
			projectDirPath = "";
			projectRoot = "";
			targets = (
				E7A309CC1E855D030079572C /* Twitthat */,
			);
		};
/* End PBXProject section */

/* Begin PBXResourcesBuildPhase section */
		E7A309CB1E855D030079572C /* Resources */ = {
			isa = PBXResourcesBuildPhase;
			buildActionMask = 2147483647;
			files = (
				E7A309D71E855D030079572C /* Assets.xcassets in Resources */,
				E7A309DA1E855D040079572C /* MainMenu.xib in Resources */,
			);
			runOnlyForDeploymentPostprocessing = 0;
		};
/* End PBXResourcesBuildPhase section */

/* Begin PBXSourcesBuildPhase section */
		E7A309C91E855D030079572C /* Sources */ = {
			isa = PBXSourcesBuildPhase;
			buildActionMask = 2147483647;
			files = (
				E7A1B99D1E85614000D7D4D1 /* Browser.m in Sources */,
				E7A309D51E855D030079572C /* main.m in Sources */,
				E7A309D21E855D030079572C /* AppDelegate.m in Sources */,
			);
			runOnlyForDeploymentPostprocessing = 0;
		};
/* End PBXSourcesBuildPhase section */

/* Begin PBXVariantGroup section */
		E7A309D81E855D040079572C /* MainMenu.xib */ = {
			isa = PBXVariantGroup;
			children = (
				E7A309D91E855D040079572C /* Base */,
			);
			name = MainMenu.xib;
			sourceTree = "<group>";
		};
/* End PBXVariantGroup section */

/* Begin XCBuildConfiguration section */
		E7A309DC1E855D040079572C /* Debug */ = {
			isa = XCBuildConfiguration;
			buildSettings = {
				ALWAYS_SEARCH_USER_PATHS = NO;
				CLANG_ANALYZER_NONNULL = YES;
				CLANG_CXX_LANGUAGE_STANDARD = "gnu++0x";
				CLANG_CXX_LIBRARY = "libc++";
				CLANG_ENABLE_MODULES = YES;
				CLANG_ENABLE_OBJC_ARC = YES;
				CLANG_WARN_BOOL_CONVERSION = YES;
				CLANG_WARN_CONSTANT_CONVERSION = YES;
				CLANG_WARN_DIRECT_OBJC_ISA_USAGE = YES_ERROR;
				CLANG_WARN_DOCUMENTATION_COMMENTS = YES;
				CLANG_WARN_EMPTY_BODY = YES;
				CLANG_WARN_ENUM_CONVERSION = YES;
				CLANG_WARN_INFINITE_RECURSION = YES;
				CLANG_WARN_INT_CONVERSION = YES;
				CLANG_WARN_OBJC_ROOT_CLASS = YES_ERROR;
				CLANG_WARN_SUSPICIOUS_MOVE = YES;
				CLANG_WARN_UNREACHABLE_CODE = YES;
				CLANG_WARN__DUPLICATE_METHOD_MATCH = YES;
				CODE_SIGN_IDENTITY = "-";
				COPY_PHASE_STRIP = NO;
				DEBUG_INFORMATION_FORMAT = dwarf;
				ENABLE_STRICT_OBJC_MSGSEND = YES;
				ENABLE_TESTABILITY = YES;
				GCC_C_LANGUAGE_STANDARD = gnu99;
				GCC_DYNAMIC_NO_PIC = NO;
				GCC_NO_COMMON_BLOCKS = YES;
				GCC_OPTIMIZATION_LEVEL = 0;
				GCC_PREPROCESSOR_DEFINITIONS = (
					"DEBUG=1",
					"$(inherited)",
				);
				GCC_WARN_64_TO_32_BIT_CONVERSION = YES;
				GCC_WARN_ABOUT_RETURN_TYPE = YES_ERROR;
				GCC_WARN_UNDECLARED_SELECTOR = YES;
				GCC_WARN_UNINITIALIZED_AUTOS = YES_AGGRESSIVE;
				GCC_WARN_UNUSED_FUNCTION = YES;
				GCC_WARN_UNUSED_VARIABLE = YES;
				MACOSX_DEPLOYMENT_TARGET = 10.11;
				MTL_ENABLE_DEBUG_INFO = YES;
				ONLY_ACTIVE_ARCH = YES;
				SDKROOT = macosx;
			};
			name = Debug;
		};
		E7A309DD1E855D040079572C /* Release */ = {
			isa = XCBuildConfiguration;
			buildSettings = {
				ALWAYS_SEARCH_USER_PATHS = NO;
				CLANG_ANALYZER_NONNULL = YES;
				CLANG_CXX_LANGUAGE_STANDARD = "gnu++0x";
				CLANG_CXX_LIBRARY = "libc++";
				CLANG_ENABLE_MODULES = YES;
				CLANG_ENABLE_OBJC_ARC = YES;
				CLANG_WARN_BOOL_CONVERSION = YES;
				CLANG_WARN_CONSTANT_CONVERSION = YES;
				CLANG_WARN_DIRECT_OBJC_ISA_USAGE = YES_ERROR;
				CLANG_WARN_DOCUMENTATION_COMMENTS = YES;
				CLANG_WARN_EMPTY_BODY = YES;
				CLANG_WARN_ENUM_CONVERSION = YES;
				CLANG_WARN_INFINITE_RECURSION = YES;
				CLANG_WARN_INT_CONVERSION = YES;
				CLANG_WARN_OBJC_ROOT_CLASS = YES_ERROR;
				CLANG_WARN_SUSPICIOUS_MOVE = YES;
				CLANG_WARN_UNREACHABLE_CODE = YES;
				CLANG_WARN__DUPLICATE_METHOD_MATCH = YES;
				CODE_SIGN_IDENTITY = "-";
				COPY_PHASE_STRIP = NO;
				DEBUG_INFORMATION_FORMAT = "dwarf-with-dsym";
				ENABLE_NS_ASSERTIONS = NO;
				ENABLE_STRICT_OBJC_MSGSEND = YES;
				GCC_C_LANGUAGE_STANDARD = gnu99;
				GCC_NO_COMMON_BLOCKS = YES;
				GCC_WARN_64_TO_32_BIT_CONVERSION = YES;
				GCC_WARN_ABOUT_RETURN_TYPE = YES_ERROR;
				GCC_WARN_UNDECLARED_SELECTOR = YES;
				GCC_WARN_UNINITIALIZED_AUTOS = YES_AGGRESSIVE;
				GCC_WARN_UNUSED_FUNCTION = YES;
				GCC_WARN_UNUSED_VARIABLE = YES;
				MACOSX_DEPLOYMENT_TARGET = 10.11;
				MTL_ENABLE_DEBUG_INFO = NO;
				SDKROOT = macosx;
			};
			name = Release;
		};
		E7A309DF1E855D040079572C /* Debug */ = {
			isa = XCBuildConfiguration;
			buildSettings = {
				ASSETCATALOG_COMPILER_APPICON_NAME = AppIcon;
				CODE_SIGN_IDENTITY = "Mac Developer";
				COMBINE_HIDPI_IMAGES = YES;
				INFOPLIST_FILE = Twitthat/Info.plist;
				LD_RUNPATH_SEARCH_PATHS = "$(inherited) @executable_path/../Frameworks";
				PRODUCT_BUNDLE_IDENTIFIER = co.superbil.twitthat;
				PRODUCT_NAME = "$(TARGET_NAME)";
			};
			name = Debug;
		};
		E7A309E01E855D040079572C /* Release */ = {
			isa = XCBuildConfiguration;
			buildSettings = {
				ASSETCATALOG_COMPILER_APPICON_NAME = AppIcon;
				CODE_SIGN_IDENTITY = "Mac Developer";
				COMBINE_HIDPI_IMAGES = YES;
				INFOPLIST_FILE = Twitthat/Info.plist;
				LD_RUNPATH_SEARCH_PATHS = "$(inherited) @executable_path/../Frameworks";
				PRODUCT_BUNDLE_IDENTIFIER = co.superbil.twitthat;
				PRODUCT_NAME = "$(TARGET_NAME)";
			};
			name = Release;
		};
/* End XCBuildConfiguration section */

/* Begin XCConfigurationList section */
		E7A309C81E855D030079572C /* Build configuration list for PBXProject "Twitthat" */ = {
			isa = XCConfigurationList;
			buildConfigurations = (
				E7A309DC1E855D040079572C /* Debug */,
				E7A309DD1E855D040079572C /* Release */,
			);
			defaultConfigurationIsVisible = 0;
			defaultConfigurationName = Release;
		};
		E7A309DE1E855D040079572C /* Build configuration list for PBXNativeTarget "Twitthat" */ = {
			isa = XCConfigurationList;
			buildConfigurations = (
				E7A309DF1E855D040079572C /* Debug */,
				E7A309E01E855D040079572C /* Release */,
			);
			defaultConfigurationIsVisible = 0;
			defaultConfigurationName = Release;
		};
/* End XCConfigurationList section */
	};
	rootObject = E7A309C51E855D030079572C /* Project object */;
}
